
Microsoft Visual Studio Solution File, Format Version 12.00
# Visual Studio Version 17
VisualStudioVersion = 17.9.34902.65
MinimumVisualStudioVersion = 10.0.40219.1
Project("{FAE04EC0-301F-11D3-BF4B-00C04F79EFBC}") = "BlazorWebApp", "BlazorWebApp\BlazorWebApp.csproj", "{89B01BC4-A4DB-4162-B9DD-9ADDFFA42A53}"
EndProject
Global
	GlobalSection(SolutionConfigurationPlatforms) = preSolution
		Debug|Any CPU = Debug|Any CPU
		Release|Any CPU = Release|Any CPU
	EndGlobalSection
	GlobalSection(ProjectConfigurationPlatforms) = postSolution
		{89B01BC4-A4DB-4162-B9DD-9ADDFFA42A53}.Debug|Any CPU.ActiveCfg = Debug|Any CPU
		{89B01BC4-A4DB-4162-B9DD-9ADDFFA42A53}.Debug|Any CPU.Build.0 = Debug|Any CPU
		{89B01BC4-A4DB-4162-B9DD-9ADDFFA42A53}.Release|Any CPU.ActiveCfg = Release|Any CPU
		{89B01BC4-A4DB-4162-B9DD-9ADDFFA42A53}.Release|Any CPU.Build.0 = Release|Any CPU
	EndGlobalSection
	GlobalSection(SolutionProperties) = preSolution
		HideSolutionNode = FALSE
	EndGlobalSection
	GlobalSection(ExtensibilityGlobals) = postSolution
		SolutionGuid = {0ED58EF9-B35A-424C-87AD-716EAAB271B3}
	EndGlobalSection
EndGlobal
